
Microsoft Visual Studio Solution File, Format Version 12.00
Project("{FAE04EC0-301F-11D3-BF4B-00C04F79EFBC}") = "Q 5", "Q 5\Q 5.csproj", "{E509C95A-809E-4543-A7CD-AA4FD59B9E41}"
EndProject
Global
	GlobalSection(SolutionConfigurationPlatforms) = preSolution
		Debug|Any CPU = Debug|Any CPU
		Release|Any CPU = Release|Any CPU
	EndGlobalSection
	GlobalSection(ProjectConfigurationPlatforms) = postSolution
		{E509C95A-809E-4543-A7CD-AA4FD59B9E41}.Debug|Any CPU.ActiveCfg = Debug|Any CPU
		{E509C95A-809E-4543-A7CD-AA4FD59B9E41}.Debug|Any CPU.Build.0 = Debug|Any CPU
		{E509C95A-809E-4543-A7CD-AA4FD59B9E41}.Release|Any CPU.ActiveCfg = Release|Any CPU
		{E509C95A-809E-4543-A7CD-AA4FD59B9E41}.Release|Any CPU.Build.0 = Release|Any CPU
	EndGlobalSection
EndGlobal
